
Microsoft Visual Studio Solution File, Format Version 12.00
# Visual Studio 15
VisualStudioVersion = 15.0.27004.2009
MinimumVisualStudioVersion = 10.0.40219.1
Project("{2150E333-8FDC-42A3-9474-1A3956D46DE8}") = "1.Libs", "1.Libs", "{8BA052B9-3051-491C-8C47-571DBA5A67AC}"
EndProject
Project("{FAE04EC0-301F-11D3-BF4B-00C04F79EFBC}") = "Sarto.Infrastructure.Cloudinary", "Sarto.Infrastructure.Cloudinary\Sarto.Infrastructure.Cloudinary.csproj", "{EC24B7BC-7091-4718-90BA-8281BBBE5DAC}"
EndProject
Project("{FAE04EC0-301F-11D3-BF4B-00C04F79EFBC}") = "Sarto.Infrastructure.MailGun", "Sarto.Infrastructure.MailGun\Sarto.Infrastructure.MailGun.csproj", "{88869511-342D-4785-8FA0-B16D80FBC1C8}"
EndProject
Project("{FAE04EC0-301F-11D3-BF4B-00C04F79EFBC}") = "App.Core", "App.Core\App.Core.csproj", "{1FD4B39D-6971-45C1-8BEF-F6AC0F78A2C9}"
EndProject
Project("{FAE04EC0-301F-11D3-BF4B-00C04F79EFBC}") = "Sarto.Infrastructure.FileSystem", "Sarto.Infrastructure.FileSystem\Sarto.Infrastructure.FileSystem.csproj", "{800B272C-1753-476D-A75B-13D03F2B8DE7}"
EndProject
Project("{FAE04EC0-301F-11D3-BF4B-00C04F79EFBC}") = "Sarto.Infrastructure.Smtp", "Sarto.Infrastructure.Smtp\Sarto.Infrastructure.Smtp.csproj", "{C0921F18-4F1B-4A00-8D7D-DE09CB184ABC}"
EndProject
Project("{FAE04EC0-301F-11D3-BF4B-00C04F79EFBC}") = "Sarto.Infrastructure.Azure", "Sarto.Infrastructure.Azure\Sarto.Infrastructure.Azure.csproj", "{3CD39EFF-063E-4F38-9F73-84C0D9B3C3CC}"
EndProject
Project("{FAE04EC0-301F-11D3-BF4B-00C04F79EFBC}") = "Sarto.Infrastructure.DynamicImage", "Sarto.Infrastructure.DynamicImage\Sarto.Infrastructure.DynamicImage.csproj", "{E4BFB48B-C53A-4172-B612-999AFDE10C2F}"
EndProject
Project("{FAE04EC0-301F-11D3-BF4B-00C04F79EFBC}") = "Sarto.Infrastructure", "Sarto.Infrastructure\Sarto.Infrastructure.csproj", "{BF47AE35-D535-4842-A89A-061B6EF70315}"
EndProject
Project("{FAE04EC0-301F-11D3-BF4B-00C04F79EFBC}") = "App.Identity", "App.Identity\App.Identity.csproj", "{1325D974-1E9A-49C1-BC71-A5F4B9EA3293}"
EndProject
Project("{FAE04EC0-301F-11D3-BF4B-00C04F79EFBC}") = "App.Data", "App.Data\App.Data.csproj", "{01367635-B331-458F-BF5A-7369925864D6}"
EndProject
Project("{FAE04EC0-301F-11D3-BF4B-00C04F79EFBC}") = "Sarto.Extensions", "Sarto.Extensions\Sarto.Extensions.csproj", "{18AD2A68-3598-4B0C-9A49-9D6D06BC2164}"
EndProject
Project("{FAE04EC0-301F-11D3-BF4B-00C04F79EFBC}") = "App.UI.Mvc5", "App.UI.Mvc5\App.UI.Mvc5.csproj", "{B57A2284-2075-456D-8E5E-60987B88D5BD}"
EndProject
Global
	GlobalSection(SolutionConfigurationPlatforms) = preSolution
		Debug|Any CPU = Debug|Any CPU
		Release|Any CPU = Release|Any CPU
	EndGlobalSection
	GlobalSection(ProjectConfigurationPlatforms) = postSolution
		{EC24B7BC-7091-4718-90BA-8281BBBE5DAC}.Debug|Any CPU.ActiveCfg = Debug|Any CPU
		{EC24B7BC-7091-4718-90BA-8281BBBE5DAC}.Debug|Any CPU.Build.0 = Debug|Any CPU
		{EC24B7BC-7091-4718-90BA-8281BBBE5DAC}.Release|Any CPU.ActiveCfg = Release|Any CPU
		{EC24B7BC-7091-4718-90BA-8281BBBE5DAC}.Release|Any CPU.Build.0 = Release|Any CPU
		{88869511-342D-4785-8FA0-B16D80FBC1C8}.Debug|Any CPU.ActiveCfg = Debug|Any CPU
		{88869511-342D-4785-8FA0-B16D80FBC1C8}.Debug|Any CPU.Build.0 = Debug|Any CPU
		{88869511-342D-4785-8FA0-B16D80FBC1C8}.Release|Any CPU.ActiveCfg = Release|Any CPU
		{88869511-342D-4785-8FA0-B16D80FBC1C8}.Release|Any CPU.Build.0 = Release|Any CPU
		{1FD4B39D-6971-45C1-8BEF-F6AC0F78A2C9}.Debug|Any CPU.ActiveCfg = Debug|Any CPU
		{1FD4B39D-6971-45C1-8BEF-F6AC0F78A2C9}.Debug|Any CPU.Build.0 = Debug|Any CPU
		{1FD4B39D-6971-45C1-8BEF-F6AC0F78A2C9}.Release|Any CPU.ActiveCfg = Release|Any CPU
		{1FD4B39D-6971-45C1-8BEF-F6AC0F78A2C9}.Release|Any CPU.Build.0 = Release|Any CPU
		{800B272C-1753-476D-A75B-13D03F2B8DE7}.Debug|Any CPU.ActiveCfg = Debug|Any CPU
		{800B272C-1753-476D-A75B-13D03F2B8DE7}.Debug|Any CPU.Build.0 = Debug|Any CPU
		{800B272C-1753-476D-A75B-13D03F2B8DE7}.Release|Any CPU.ActiveCfg = Release|Any CPU
		{800B272C-1753-476D-A75B-13D03F2B8DE7}.Release|Any CPU.Build.0 = Release|Any CPU
		{C0921F18-4F1B-4A00-8D7D-DE09CB184ABC}.Debug|Any CPU.ActiveCfg = Debug|Any CPU
		{C0921F18-4F1B-4A00-8D7D-DE09CB184ABC}.Debug|Any CPU.Build.0 = Debug|Any CPU
		{C0921F18-4F1B-4A00-8D7D-DE09CB184ABC}.Release|Any CPU.ActiveCfg = Release|Any CPU
		{C0921F18-4F1B-4A00-8D7D-DE09CB184ABC}.Release|Any CPU.Build.0 = Release|Any CPU
		{3CD39EFF-063E-4F38-9F73-84C0D9B3C3CC}.Debug|Any CPU.ActiveCfg = Debug|Any CPU
		{3CD39EFF-063E-4F38-9F73-84C0D9B3C3CC}.Debug|Any CPU.Build.0 = Debug|Any CPU
		{3CD39EFF-063E-4F38-9F73-84C0D9B3C3CC}.Release|Any CPU.ActiveCfg = Release|Any CPU
		{3CD39EFF-063E-4F38-9F73-84C0D9B3C3CC}.Release|Any CPU.Build.0 = Release|Any CPU
		{E4BFB48B-C53A-4172-B612-999AFDE10C2F}.Debug|Any CPU.ActiveCfg = Debug|Any CPU
		{E4BFB48B-C53A-4172-B612-999AFDE10C2F}.Debug|Any CPU.Build.0 = Debug|Any CPU
		{E4BFB48B-C53A-4172-B612-999AFDE10C2F}.Release|Any CPU.ActiveCfg = Release|Any CPU
		{E4BFB48B-C53A-4172-B612-999AFDE10C2F}.Release|Any CPU.Build.0 = Release|Any CPU
		{BF47AE35-D535-4842-A89A-061B6EF70315}.Debug|Any CPU.ActiveCfg = Debug|Any CPU
		{BF47AE35-D535-4842-A89A-061B6EF70315}.Debug|Any CPU.Build.0 = Debug|Any CPU
		{BF47AE35-D535-4842-A89A-061B6EF70315}.Release|Any CPU.ActiveCfg = Release|Any CPU
		{BF47AE35-D535-4842-A89A-061B6EF70315}.Release|Any CPU.Build.0 = Release|Any CPU
		{1325D974-1E9A-49C1-BC71-A5F4B9EA3293}.Debug|Any CPU.ActiveCfg = Debug|Any CPU
		{1325D974-1E9A-49C1-BC71-A5F4B9EA3293}.Debug|Any CPU.Build.0 = Debug|Any CPU
		{1325D974-1E9A-49C1-BC71-A5F4B9EA3293}.Release|Any CPU.ActiveCfg = Release|Any CPU
		{1325D974-1E9A-49C1-BC71-A5F4B9EA3293}.Release|Any CPU.Build.0 = Release|Any CPU
		{01367635-B331-458F-BF5A-7369925864D6}.Debug|Any CPU.ActiveCfg = Debug|Any CPU
		{01367635-B331-458F-BF5A-7369925864D6}.Debug|Any CPU.Build.0 = Debug|Any CPU
		{01367635-B331-458F-BF5A-7369925864D6}.Release|Any CPU.ActiveCfg = Release|Any CPU
		{01367635-B331-458F-BF5A-7369925864D6}.Release|Any CPU.Build.0 = Release|Any CPU
		{18AD2A68-3598-4B0C-9A49-9D6D06BC2164}.Debug|Any CPU.ActiveCfg = Debug|Any CPU
		{18AD2A68-3598-4B0C-9A49-9D6D06BC2164}.Debug|Any CPU.Build.0 = Debug|Any CPU
		{18AD2A68-3598-4B0C-9A49-9D6D06BC2164}.Release|Any CPU.ActiveCfg = Release|Any CPU
		{18AD2A68-3598-4B0C-9A49-9D6D06BC2164}.Release|Any CPU.Build.0 = Release|Any CPU
		{B57A2284-2075-456D-8E5E-60987B88D5BD}.Debug|Any CPU.ActiveCfg = Debug|Any CPU
		{B57A2284-2075-456D-8E5E-60987B88D5BD}.Debug|Any CPU.Build.0 = Debug|Any CPU
		{B57A2284-2075-456D-8E5E-60987B88D5BD}.Release|Any CPU.ActiveCfg = Release|Any CPU
		{B57A2284-2075-456D-8E5E-60987B88D5BD}.Release|Any CPU.Build.0 = Release|Any CPU
	EndGlobalSection
	GlobalSection(SolutionProperties) = preSolution
		HideSolutionNode = FALSE
	EndGlobalSection
	GlobalSection(NestedProjects) = preSolution
		{EC24B7BC-7091-4718-90BA-8281BBBE5DAC} = {8BA052B9-3051-491C-8C47-571DBA5A67AC}
		{88869511-342D-4785-8FA0-B16D80FBC1C8} = {8BA052B9-3051-491C-8C47-571DBA5A67AC}
		{800B272C-1753-476D-A75B-13D03F2B8DE7} = {8BA052B9-3051-491C-8C47-571DBA5A67AC}
		{C0921F18-4F1B-4A00-8D7D-DE09CB184ABC} = {8BA052B9-3051-491C-8C47-571DBA5A67AC}
		{3CD39EFF-063E-4F38-9F73-84C0D9B3C3CC} = {8BA052B9-3051-491C-8C47-571DBA5A67AC}
		{E4BFB48B-C53A-4172-B612-999AFDE10C2F} = {8BA052B9-3051-491C-8C47-571DBA5A67AC}
		{BF47AE35-D535-4842-A89A-061B6EF70315} = {8BA052B9-3051-491C-8C47-571DBA5A67AC}
		{18AD2A68-3598-4B0C-9A49-9D6D06BC2164} = {8BA052B9-3051-491C-8C47-571DBA5A67AC}
	EndGlobalSection
	GlobalSection(ExtensibilityGlobals) = postSolution
		SolutionGuid = {6B0EB4C6-368E-4F7C-8179-C12A1933125B}
	EndGlobalSection
EndGlobal
