
Microsoft Visual Studio Solution File, Format Version 12.00
# Visual Studio 15
VisualStudioVersion = 15.0.27130.2027
MinimumVisualStudioVersion = 10.0.40219.1
Project("{FAE04EC0-301F-11D3-BF4B-00C04F79EFBC}") = "App.UI.Mvc5", "App.UI.Mvc5\App.UI.Mvc5.csproj", "{E79AE2B3-C9E9-441C-BE4E-77B8D6291EF9}"
EndProject
Project("{2150E333-8FDC-42A3-9474-1A3956D46DE8}") = "1.Shared Libs", "1.Shared Libs", "{8BA052B9-3051-491C-8C47-571DBA5A67AC}"
EndProject
Project("{FAE04EC0-301F-11D3-BF4B-00C04F79EFBC}") = "Shared.Infrastructure.Cloudinary", "Shared.Infrastructure.Cloudinary\Shared.Infrastructure.Cloudinary.csproj", "{EC24B7BC-7091-4718-90BA-8281BBBE5DAC}"
EndProject
Project("{FAE04EC0-301F-11D3-BF4B-00C04F79EFBC}") = "Shared.Infrastructure.MailGun", "Shared.Infrastructure.MailGun\Shared.Infrastructure.MailGun.csproj", "{88869511-342D-4785-8FA0-B16D80FBC1C8}"
EndProject
Project("{FAE04EC0-301F-11D3-BF4B-00C04F79EFBC}") = "Domain.Core", "Domain.Core\Domain.Core.csproj", "{1FD4B39D-6971-45C1-8BEF-F6AC0F78A2C9}"
EndProject
Project("{FAE04EC0-301F-11D3-BF4B-00C04F79EFBC}") = "Shared.Infrastructure.FileSystem", "Shared.Infrastructure.FileSystem\Shared.Infrastructure.FileSystem.csproj", "{800B272C-1753-476D-A75B-13D03F2B8DE7}"
EndProject
Project("{FAE04EC0-301F-11D3-BF4B-00C04F79EFBC}") = "Shared.Infrastructure.Smtp", "Shared.Infrastructure.Smtp\Shared.Infrastructure.Smtp.csproj", "{C0921F18-4F1B-4A00-8D7D-DE09CB184ABC}"
EndProject
Project("{FAE04EC0-301F-11D3-BF4B-00C04F79EFBC}") = "Shared.Infrastructure.Azure", "Shared.Infrastructure.Azure\Shared.Infrastructure.Azure.csproj", "{3CD39EFF-063E-4F38-9F73-84C0D9B3C3CC}"
EndProject
Project("{FAE04EC0-301F-11D3-BF4B-00C04F79EFBC}") = "Shared.Infrastructure.DynamicImage", "Shared.Infrastructure.DynamicImage\Shared.Infrastructure.DynamicImage.csproj", "{E4BFB48B-C53A-4172-B612-999AFDE10C2F}"
EndProject
Project("{FAE04EC0-301F-11D3-BF4B-00C04F79EFBC}") = "Shared.Infrastructure", "Shared.Infrastructure\Shared.Infrastructure.csproj", "{BF47AE35-D535-4842-A89A-061B6EF70315}"
EndProject
Project("{FAE04EC0-301F-11D3-BF4B-00C04F79EFBC}") = "App.Identity", "App.Identity\App.Identity.csproj", "{1325D974-1E9A-49C1-BC71-A5F4B9EA3293}"
EndProject
Project("{FAE04EC0-301F-11D3-BF4B-00C04F79EFBC}") = "Data.Core", "Data.Core\Data.Core.csproj", "{01367635-B331-458F-BF5A-7369925864D6}"
EndProject
Project("{FAE04EC0-301F-11D3-BF4B-00C04F79EFBC}") = "Shared.Extensions", "Shared.Extensions\Shared.Extensions.csproj", "{18AD2A68-3598-4B0C-9A49-9D6D06BC2164}"
EndProject
Project("{FAE04EC0-301F-11D3-BF4B-00C04F79EFBC}") = "Data.Tools.Migrator", "Data.Tools.Migrator\Data.Tools.Migrator.csproj", "{4B3A666D-9AFB-4307-AFF4-FFC7A1C02282}"
EndProject
Project("{2150E333-8FDC-42A3-9474-1A3956D46DE8}") = "0.Solution Items", "0.Solution Items", "{DC06B7D6-71E6-45B2-B85A-0A384F988209}"
EndProject
Project("{2150E333-8FDC-42A3-9474-1A3956D46DE8}") = "2.Domain", "2.Domain", "{8D5C1D06-0A8D-4068-B877-E3B51D82823B}"
EndProject
Project("{2150E333-8FDC-42A3-9474-1A3956D46DE8}") = "3.Data", "3.Data", "{D4B0F2B4-6E32-4756-88E5-6C54365CD6D4}"
EndProject
Project("{2150E333-8FDC-42A3-9474-1A3956D46DE8}") = "5.Application", "5.Application", "{DB46184A-4BE8-4DCD-BF0E-96B8879B18BB}"
EndProject
Project("{2150E333-8FDC-42A3-9474-1A3956D46DE8}") = "4.Services", "4.Services", "{17130F6D-BE0E-4A3A-83D4-D685DAE5EBCB}"
EndProject
Project("{FAE04EC0-301F-11D3-BF4B-00C04F79EFBC}") = "Data.Store.SqlServer", "Data.Store.SqlServer\Data.Store.SqlServer.csproj", "{5B6EF0E8-4213-4B43-8462-4518CC93BB56}"
EndProject
Project("{2150E333-8FDC-42A3-9474-1A3956D46DE8}") = "6.Tests", "6.Tests", "{C48A68CF-5A13-4106-BBBE-6C5D3F3A3082}"
EndProject
Global
	GlobalSection(SolutionConfigurationPlatforms) = preSolution
		Debug|Any CPU = Debug|Any CPU
		Release|Any CPU = Release|Any CPU
	EndGlobalSection
	GlobalSection(ProjectConfigurationPlatforms) = postSolution
		{E79AE2B3-C9E9-441C-BE4E-77B8D6291EF9}.Debug|Any CPU.ActiveCfg = Debug|Any CPU
		{E79AE2B3-C9E9-441C-BE4E-77B8D6291EF9}.Debug|Any CPU.Build.0 = Debug|Any CPU
		{E79AE2B3-C9E9-441C-BE4E-77B8D6291EF9}.Release|Any CPU.ActiveCfg = Release|Any CPU
		{E79AE2B3-C9E9-441C-BE4E-77B8D6291EF9}.Release|Any CPU.Build.0 = Release|Any CPU
		{EC24B7BC-7091-4718-90BA-8281BBBE5DAC}.Debug|Any CPU.ActiveCfg = Debug|Any CPU
		{EC24B7BC-7091-4718-90BA-8281BBBE5DAC}.Debug|Any CPU.Build.0 = Debug|Any CPU
		{EC24B7BC-7091-4718-90BA-8281BBBE5DAC}.Release|Any CPU.ActiveCfg = Release|Any CPU
		{EC24B7BC-7091-4718-90BA-8281BBBE5DAC}.Release|Any CPU.Build.0 = Release|Any CPU
		{88869511-342D-4785-8FA0-B16D80FBC1C8}.Debug|Any CPU.ActiveCfg = Debug|Any CPU
		{88869511-342D-4785-8FA0-B16D80FBC1C8}.Debug|Any CPU.Build.0 = Debug|Any CPU
		{88869511-342D-4785-8FA0-B16D80FBC1C8}.Release|Any CPU.ActiveCfg = Release|Any CPU
		{88869511-342D-4785-8FA0-B16D80FBC1C8}.Release|Any CPU.Build.0 = Release|Any CPU
		{1FD4B39D-6971-45C1-8BEF-F6AC0F78A2C9}.Debug|Any CPU.ActiveCfg = Debug|Any CPU
		{1FD4B39D-6971-45C1-8BEF-F6AC0F78A2C9}.Debug|Any CPU.Build.0 = Debug|Any CPU
		{1FD4B39D-6971-45C1-8BEF-F6AC0F78A2C9}.Release|Any CPU.ActiveCfg = Release|Any CPU
		{1FD4B39D-6971-45C1-8BEF-F6AC0F78A2C9}.Release|Any CPU.Build.0 = Release|Any CPU
		{800B272C-1753-476D-A75B-13D03F2B8DE7}.Debug|Any CPU.ActiveCfg = Debug|Any CPU
		{800B272C-1753-476D-A75B-13D03F2B8DE7}.Debug|Any CPU.Build.0 = Debug|Any CPU
		{800B272C-1753-476D-A75B-13D03F2B8DE7}.Release|Any CPU.ActiveCfg = Release|Any CPU
		{800B272C-1753-476D-A75B-13D03F2B8DE7}.Release|Any CPU.Build.0 = Release|Any CPU
		{C0921F18-4F1B-4A00-8D7D-DE09CB184ABC}.Debug|Any CPU.ActiveCfg = Debug|Any CPU
		{C0921F18-4F1B-4A00-8D7D-DE09CB184ABC}.Debug|Any CPU.Build.0 = Debug|Any CPU
		{C0921F18-4F1B-4A00-8D7D-DE09CB184ABC}.Release|Any CPU.ActiveCfg = Release|Any CPU
		{C0921F18-4F1B-4A00-8D7D-DE09CB184ABC}.Release|Any CPU.Build.0 = Release|Any CPU
		{3CD39EFF-063E-4F38-9F73-84C0D9B3C3CC}.Debug|Any CPU.ActiveCfg = Debug|Any CPU
		{3CD39EFF-063E-4F38-9F73-84C0D9B3C3CC}.Debug|Any CPU.Build.0 = Debug|Any CPU
		{3CD39EFF-063E-4F38-9F73-84C0D9B3C3CC}.Release|Any CPU.ActiveCfg = Release|Any CPU
		{3CD39EFF-063E-4F38-9F73-84C0D9B3C3CC}.Release|Any CPU.Build.0 = Release|Any CPU
		{E4BFB48B-C53A-4172-B612-999AFDE10C2F}.Debug|Any CPU.ActiveCfg = Debug|Any CPU
		{E4BFB48B-C53A-4172-B612-999AFDE10C2F}.Debug|Any CPU.Build.0 = Debug|Any CPU
		{E4BFB48B-C53A-4172-B612-999AFDE10C2F}.Release|Any CPU.ActiveCfg = Release|Any CPU
		{E4BFB48B-C53A-4172-B612-999AFDE10C2F}.Release|Any CPU.Build.0 = Release|Any CPU
		{BF47AE35-D535-4842-A89A-061B6EF70315}.Debug|Any CPU.ActiveCfg = Debug|Any CPU
		{BF47AE35-D535-4842-A89A-061B6EF70315}.Debug|Any CPU.Build.0 = Debug|Any CPU
		{BF47AE35-D535-4842-A89A-061B6EF70315}.Release|Any CPU.ActiveCfg = Release|Any CPU
		{BF47AE35-D535-4842-A89A-061B6EF70315}.Release|Any CPU.Build.0 = Release|Any CPU
		{1325D974-1E9A-49C1-BC71-A5F4B9EA3293}.Debug|Any CPU.ActiveCfg = Debug|Any CPU
		{1325D974-1E9A-49C1-BC71-A5F4B9EA3293}.Debug|Any CPU.Build.0 = Debug|Any CPU
		{1325D974-1E9A-49C1-BC71-A5F4B9EA3293}.Release|Any CPU.ActiveCfg = Release|Any CPU
		{1325D974-1E9A-49C1-BC71-A5F4B9EA3293}.Release|Any CPU.Build.0 = Release|Any CPU
		{01367635-B331-458F-BF5A-7369925864D6}.Debug|Any CPU.ActiveCfg = Debug|Any CPU
		{01367635-B331-458F-BF5A-7369925864D6}.Debug|Any CPU.Build.0 = Debug|Any CPU
		{01367635-B331-458F-BF5A-7369925864D6}.Release|Any CPU.ActiveCfg = Release|Any CPU
		{01367635-B331-458F-BF5A-7369925864D6}.Release|Any CPU.Build.0 = Release|Any CPU
		{18AD2A68-3598-4B0C-9A49-9D6D06BC2164}.Debug|Any CPU.ActiveCfg = Debug|Any CPU
		{18AD2A68-3598-4B0C-9A49-9D6D06BC2164}.Debug|Any CPU.Build.0 = Debug|Any CPU
		{18AD2A68-3598-4B0C-9A49-9D6D06BC2164}.Release|Any CPU.ActiveCfg = Release|Any CPU
		{18AD2A68-3598-4B0C-9A49-9D6D06BC2164}.Release|Any CPU.Build.0 = Release|Any CPU
		{4B3A666D-9AFB-4307-AFF4-FFC7A1C02282}.Debug|Any CPU.ActiveCfg = Debug|Any CPU
		{4B3A666D-9AFB-4307-AFF4-FFC7A1C02282}.Debug|Any CPU.Build.0 = Debug|Any CPU
		{4B3A666D-9AFB-4307-AFF4-FFC7A1C02282}.Release|Any CPU.ActiveCfg = Release|Any CPU
		{4B3A666D-9AFB-4307-AFF4-FFC7A1C02282}.Release|Any CPU.Build.0 = Release|Any CPU
		{5B6EF0E8-4213-4B43-8462-4518CC93BB56}.Debug|Any CPU.ActiveCfg = Debug|Any CPU
		{5B6EF0E8-4213-4B43-8462-4518CC93BB56}.Debug|Any CPU.Build.0 = Debug|Any CPU
		{5B6EF0E8-4213-4B43-8462-4518CC93BB56}.Release|Any CPU.ActiveCfg = Release|Any CPU
		{5B6EF0E8-4213-4B43-8462-4518CC93BB56}.Release|Any CPU.Build.0 = Release|Any CPU
	EndGlobalSection
	GlobalSection(SolutionProperties) = preSolution
		HideSolutionNode = FALSE
	EndGlobalSection
	GlobalSection(NestedProjects) = preSolution
		{E79AE2B3-C9E9-441C-BE4E-77B8D6291EF9} = {DB46184A-4BE8-4DCD-BF0E-96B8879B18BB}
		{EC24B7BC-7091-4718-90BA-8281BBBE5DAC} = {8BA052B9-3051-491C-8C47-571DBA5A67AC}
		{88869511-342D-4785-8FA0-B16D80FBC1C8} = {8BA052B9-3051-491C-8C47-571DBA5A67AC}
		{1FD4B39D-6971-45C1-8BEF-F6AC0F78A2C9} = {8D5C1D06-0A8D-4068-B877-E3B51D82823B}
		{800B272C-1753-476D-A75B-13D03F2B8DE7} = {8BA052B9-3051-491C-8C47-571DBA5A67AC}
		{C0921F18-4F1B-4A00-8D7D-DE09CB184ABC} = {8BA052B9-3051-491C-8C47-571DBA5A67AC}
		{3CD39EFF-063E-4F38-9F73-84C0D9B3C3CC} = {8BA052B9-3051-491C-8C47-571DBA5A67AC}
		{E4BFB48B-C53A-4172-B612-999AFDE10C2F} = {8BA052B9-3051-491C-8C47-571DBA5A67AC}
		{BF47AE35-D535-4842-A89A-061B6EF70315} = {8BA052B9-3051-491C-8C47-571DBA5A67AC}
		{1325D974-1E9A-49C1-BC71-A5F4B9EA3293} = {DB46184A-4BE8-4DCD-BF0E-96B8879B18BB}
		{01367635-B331-458F-BF5A-7369925864D6} = {D4B0F2B4-6E32-4756-88E5-6C54365CD6D4}
		{18AD2A68-3598-4B0C-9A49-9D6D06BC2164} = {8BA052B9-3051-491C-8C47-571DBA5A67AC}
		{4B3A666D-9AFB-4307-AFF4-FFC7A1C02282} = {D4B0F2B4-6E32-4756-88E5-6C54365CD6D4}
		{5B6EF0E8-4213-4B43-8462-4518CC93BB56} = {D4B0F2B4-6E32-4756-88E5-6C54365CD6D4}
	EndGlobalSection
	GlobalSection(ExtensibilityGlobals) = postSolution
		SolutionGuid = {6B0EB4C6-368E-4F7C-8179-C12A1933125B}
	EndGlobalSection
EndGlobal
